
Microsoft Visual Studio Solution File, Format Version 12.00
# Visual Studio Version 16
VisualStudioVersion = 16.0.31410.357
MinimumVisualStudioVersion = 10.0.40219.1
Project("{FAE04EC0-301F-11D3-BF4B-00C04F79EFBC}") = "TrafficSimulator", "TrafficSimulator\TrafficSimulator.csproj", "{3E1D9278-4B94-4C24-9F80-0BFE82A216E3}"
EndProject
Global
	GlobalSection(SolutionConfigurationPlatforms) = preSolution
		Debug|Any CPU = Debug|Any CPU
		Release|Any CPU = Release|Any CPU
	EndGlobalSection
	GlobalSection(ProjectConfigurationPlatforms) = postSolution
		{3E1D9278-4B94-4C24-9F80-0BFE82A216E3}.Debug|Any CPU.ActiveCfg = Debug|Any CPU
		{3E1D9278-4B94-4C24-9F80-0BFE82A216E3}.Debug|Any CPU.Build.0 = Debug|Any CPU
		{3E1D9278-4B94-4C24-9F80-0BFE82A216E3}.Release|Any CPU.ActiveCfg = Release|Any CPU
		{3E1D9278-4B94-4C24-9F80-0BFE82A216E3}.Release|Any CPU.Build.0 = Release|Any CPU
	EndGlobalSection
	GlobalSection(SolutionProperties) = preSolution
		HideSolutionNode = FALSE
	EndGlobalSection
	GlobalSection(ExtensibilityGlobals) = postSolution
		SolutionGuid = {A0C46EB2-C806-4976-A60C-73DCC46B1F5C}
	EndGlobalSection
EndGlobal
